
Microsoft Visual Studio Solution File, Format Version 12.00
# Visual Studio Version 16
VisualStudioVersion = 16.0.30413.136
MinimumVisualStudioVersion = 10.0.40219.1
Project("{9A19103F-16F7-4668-BE54-9A1E7A4F7556}") = "ServersideData", "ServersideData\ServersideData.csproj", "{4C2581B4-22C5-4DCE-A8B1-3DC400AB6CCB}"
EndProject
Project("{FAE04EC0-301F-11D3-BF4B-00C04F79EFBC}") = "LagkagehusetAPI", "LagkagehusetAPI\LagkagehusetAPI.csproj", "{AB302244-E476-4ED3-B3D7-799F840A2E14}"
EndProject
Global
	GlobalSection(SolutionConfigurationPlatforms) = preSolution
		Debug|Any CPU = Debug|Any CPU
		Release|Any CPU = Release|Any CPU
	EndGlobalSection
	GlobalSection(ProjectConfigurationPlatforms) = postSolution
		{4C2581B4-22C5-4DCE-A8B1-3DC400AB6CCB}.Debug|Any CPU.ActiveCfg = Debug|Any CPU
		{4C2581B4-22C5-4DCE-A8B1-3DC400AB6CCB}.Debug|Any CPU.Build.0 = Debug|Any CPU
		{4C2581B4-22C5-4DCE-A8B1-3DC400AB6CCB}.Release|Any CPU.ActiveCfg = Release|Any CPU
		{4C2581B4-22C5-4DCE-A8B1-3DC400AB6CCB}.Release|Any CPU.Build.0 = Release|Any CPU
		{AB302244-E476-4ED3-B3D7-799F840A2E14}.Debug|Any CPU.ActiveCfg = Debug|Any CPU
		{AB302244-E476-4ED3-B3D7-799F840A2E14}.Debug|Any CPU.Build.0 = Debug|Any CPU
		{AB302244-E476-4ED3-B3D7-799F840A2E14}.Release|Any CPU.ActiveCfg = Release|Any CPU
		{AB302244-E476-4ED3-B3D7-799F840A2E14}.Release|Any CPU.Build.0 = Release|Any CPU
	EndGlobalSection
	GlobalSection(SolutionProperties) = preSolution
		HideSolutionNode = FALSE
	EndGlobalSection
	GlobalSection(ExtensibilityGlobals) = postSolution
		SolutionGuid = {2578B2DA-4AF9-4C93-B941-8D0F6C722EEC}
	EndGlobalSection
EndGlobal
